
Microsoft Visual Studio Solution File, Format Version 12.00
# Visual Studio 15
VisualStudioVersion = 15.0.26228.4
MinimumVisualStudioVersion = 10.0.40219.1
Project("{2150E333-8FDC-42A3-9474-1A3956D46DE8}") = "Contacts", "Contacts", "{4DCECD7D-5B38-47C0-B083-39A75CB7D48B}"
EndProject
Project("{2150E333-8FDC-42A3-9474-1A3956D46DE8}") = "Examples", "Examples", "{EE9BC559-B842-48C4-8778-0BBBAF65E881}"
EndProject
Project("{FAE04EC0-301F-11D3-BF4B-00C04F79EFBC}") = "DemoHonestTypes", "Examples\DemoHonestTypes\DemoHonestTypes.csproj", "{581406E2-10FF-4568-94A1-AD3B340B34FB}"
EndProject
Project("{FAE04EC0-301F-11D3-BF4B-00C04F79EFBC}") = "HonestTypes.Contacts", "Contacts\HonestTypes.Contacts\HonestTypes.Contacts.csproj", "{2C0B4B7B-C265-48BF-88B2-68DD1B5EA96D}"
EndProject
Project("{2150E333-8FDC-42A3-9474-1A3956D46DE8}") = "Serialization", "Serialization", "{47FD99B8-1324-40EC-AC7D-723C63956F13}"
EndProject
Project("{FAE04EC0-301F-11D3-BF4B-00C04F79EFBC}") = "HonestTypes.Serialization", "Serialization\HonestTypes.Serialization\HonestTypes.Serialization.csproj", "{05D419ED-640D-4D75-83A1-54CC9ADA8E17}"
EndProject
Project("{FAE04EC0-301F-11D3-BF4B-00C04F79EFBC}") = "HonestTypes.Serialization.Tests", "Serialization\HonestTypes.Serialization.Tests\HonestTypes.Serialization.Tests.csproj", "{E3E1339A-60BC-49C9-84CF-E23B069AF0D3}"
EndProject
Project("{2150E333-8FDC-42A3-9474-1A3956D46DE8}") = "Solution Items", "Solution Items", "{B3FC3D57-E644-4156-B98D-62D7AA882C01}"
	ProjectSection(SolutionItems) = preProject
		appveyor.yml = appveyor.yml
		build.cake = build.cake
		build.ps1 = build.ps1
		README.md = README.md
	EndProjectSection
EndProject
Project("{2150E333-8FDC-42A3-9474-1A3956D46DE8}") = "Return", "Return", "{1C38C469-164A-4662-82D5-FD5E6A73EC99}"
EndProject
Project("{FAE04EC0-301F-11D3-BF4B-00C04F79EFBC}") = "HonestTypes.Return", "Return\HonestTypes.Return\HonestTypes.Return.csproj", "{49959442-8824-4132-893E-A62E1379F0BE}"
EndProject
Project("{FAE04EC0-301F-11D3-BF4B-00C04F79EFBC}") = "HonestTypes.Tests", "HonestTypes.Tests\HonestTypes.Tests.csproj", "{B617B855-3546-4E75-9EFD-900758AF4ED6}"
EndProject
Project("{FAE04EC0-301F-11D3-BF4B-00C04F79EFBC}") = "FunC", "FunC\FunC.csproj", "{6DE70B6B-91C5-48F7-8D67-D2A55220415D}"
EndProject
Global
	GlobalSection(SolutionConfigurationPlatforms) = preSolution
		Debug|Any CPU = Debug|Any CPU
		Debug|x64 = Debug|x64
		Debug|x86 = Debug|x86
		Release|Any CPU = Release|Any CPU
		Release|x64 = Release|x64
		Release|x86 = Release|x86
	EndGlobalSection
	GlobalSection(ProjectConfigurationPlatforms) = postSolution
		{581406E2-10FF-4568-94A1-AD3B340B34FB}.Debug|Any CPU.ActiveCfg = Debug|Any CPU
		{581406E2-10FF-4568-94A1-AD3B340B34FB}.Debug|Any CPU.Build.0 = Debug|Any CPU
		{581406E2-10FF-4568-94A1-AD3B340B34FB}.Debug|x64.ActiveCfg = Debug|Any CPU
		{581406E2-10FF-4568-94A1-AD3B340B34FB}.Debug|x64.Build.0 = Debug|Any CPU
		{581406E2-10FF-4568-94A1-AD3B340B34FB}.Debug|x86.ActiveCfg = Debug|Any CPU
		{581406E2-10FF-4568-94A1-AD3B340B34FB}.Debug|x86.Build.0 = Debug|Any CPU
		{581406E2-10FF-4568-94A1-AD3B340B34FB}.Release|Any CPU.ActiveCfg = Release|Any CPU
		{581406E2-10FF-4568-94A1-AD3B340B34FB}.Release|Any CPU.Build.0 = Release|Any CPU
		{581406E2-10FF-4568-94A1-AD3B340B34FB}.Release|x64.ActiveCfg = Release|Any CPU
		{581406E2-10FF-4568-94A1-AD3B340B34FB}.Release|x64.Build.0 = Release|Any CPU
		{581406E2-10FF-4568-94A1-AD3B340B34FB}.Release|x86.ActiveCfg = Release|Any CPU
		{581406E2-10FF-4568-94A1-AD3B340B34FB}.Release|x86.Build.0 = Release|Any CPU
		{2C0B4B7B-C265-48BF-88B2-68DD1B5EA96D}.Debug|Any CPU.ActiveCfg = Debug|Any CPU
		{2C0B4B7B-C265-48BF-88B2-68DD1B5EA96D}.Debug|Any CPU.Build.0 = Debug|Any CPU
		{2C0B4B7B-C265-48BF-88B2-68DD1B5EA96D}.Debug|x64.ActiveCfg = Debug|Any CPU
		{2C0B4B7B-C265-48BF-88B2-68DD1B5EA96D}.Debug|x64.Build.0 = Debug|Any CPU
		{2C0B4B7B-C265-48BF-88B2-68DD1B5EA96D}.Debug|x86.ActiveCfg = Debug|Any CPU
		{2C0B4B7B-C265-48BF-88B2-68DD1B5EA96D}.Debug|x86.Build.0 = Debug|Any CPU
		{2C0B4B7B-C265-48BF-88B2-68DD1B5EA96D}.Release|Any CPU.ActiveCfg = Release|Any CPU
		{2C0B4B7B-C265-48BF-88B2-68DD1B5EA96D}.Release|Any CPU.Build.0 = Release|Any CPU
		{2C0B4B7B-C265-48BF-88B2-68DD1B5EA96D}.Release|x64.ActiveCfg = Release|Any CPU
		{2C0B4B7B-C265-48BF-88B2-68DD1B5EA96D}.Release|x64.Build.0 = Release|Any CPU
		{2C0B4B7B-C265-48BF-88B2-68DD1B5EA96D}.Release|x86.ActiveCfg = Release|Any CPU
		{2C0B4B7B-C265-48BF-88B2-68DD1B5EA96D}.Release|x86.Build.0 = Release|Any CPU
		{05D419ED-640D-4D75-83A1-54CC9ADA8E17}.Debug|Any CPU.ActiveCfg = Debug|Any CPU
		{05D419ED-640D-4D75-83A1-54CC9ADA8E17}.Debug|Any CPU.Build.0 = Debug|Any CPU
		{05D419ED-640D-4D75-83A1-54CC9ADA8E17}.Debug|x64.ActiveCfg = Debug|Any CPU
		{05D419ED-640D-4D75-83A1-54CC9ADA8E17}.Debug|x64.Build.0 = Debug|Any CPU
		{05D419ED-640D-4D75-83A1-54CC9ADA8E17}.Debug|x86.ActiveCfg = Debug|Any CPU
		{05D419ED-640D-4D75-83A1-54CC9ADA8E17}.Debug|x86.Build.0 = Debug|Any CPU
		{05D419ED-640D-4D75-83A1-54CC9ADA8E17}.Release|Any CPU.ActiveCfg = Release|Any CPU
		{05D419ED-640D-4D75-83A1-54CC9ADA8E17}.Release|Any CPU.Build.0 = Release|Any CPU
		{05D419ED-640D-4D75-83A1-54CC9ADA8E17}.Release|x64.ActiveCfg = Release|Any CPU
		{05D419ED-640D-4D75-83A1-54CC9ADA8E17}.Release|x64.Build.0 = Release|Any CPU
		{05D419ED-640D-4D75-83A1-54CC9ADA8E17}.Release|x86.ActiveCfg = Release|Any CPU
		{05D419ED-640D-4D75-83A1-54CC9ADA8E17}.Release|x86.Build.0 = Release|Any CPU
		{E3E1339A-60BC-49C9-84CF-E23B069AF0D3}.Debug|Any CPU.ActiveCfg = Debug|Any CPU
		{E3E1339A-60BC-49C9-84CF-E23B069AF0D3}.Debug|Any CPU.Build.0 = Debug|Any CPU
		{E3E1339A-60BC-49C9-84CF-E23B069AF0D3}.Debug|x64.ActiveCfg = Debug|Any CPU
		{E3E1339A-60BC-49C9-84CF-E23B069AF0D3}.Debug|x64.Build.0 = Debug|Any CPU
		{E3E1339A-60BC-49C9-84CF-E23B069AF0D3}.Debug|x86.ActiveCfg = Debug|Any CPU
		{E3E1339A-60BC-49C9-84CF-E23B069AF0D3}.Debug|x86.Build.0 = Debug|Any CPU
		{E3E1339A-60BC-49C9-84CF-E23B069AF0D3}.Release|Any CPU.ActiveCfg = Release|Any CPU
		{E3E1339A-60BC-49C9-84CF-E23B069AF0D3}.Release|Any CPU.Build.0 = Release|Any CPU
		{E3E1339A-60BC-49C9-84CF-E23B069AF0D3}.Release|x64.ActiveCfg = Release|Any CPU
		{E3E1339A-60BC-49C9-84CF-E23B069AF0D3}.Release|x64.Build.0 = Release|Any CPU
		{E3E1339A-60BC-49C9-84CF-E23B069AF0D3}.Release|x86.ActiveCfg = Release|Any CPU
		{E3E1339A-60BC-49C9-84CF-E23B069AF0D3}.Release|x86.Build.0 = Release|Any CPU
		{49959442-8824-4132-893E-A62E1379F0BE}.Debug|Any CPU.ActiveCfg = Debug|Any CPU
		{49959442-8824-4132-893E-A62E1379F0BE}.Debug|Any CPU.Build.0 = Debug|Any CPU
		{49959442-8824-4132-893E-A62E1379F0BE}.Debug|x64.ActiveCfg = Debug|Any CPU
		{49959442-8824-4132-893E-A62E1379F0BE}.Debug|x64.Build.0 = Debug|Any CPU
		{49959442-8824-4132-893E-A62E1379F0BE}.Debug|x86.ActiveCfg = Debug|Any CPU
		{49959442-8824-4132-893E-A62E1379F0BE}.Debug|x86.Build.0 = Debug|Any CPU
		{49959442-8824-4132-893E-A62E1379F0BE}.Release|Any CPU.ActiveCfg = Release|Any CPU
		{49959442-8824-4132-893E-A62E1379F0BE}.Release|Any CPU.Build.0 = Release|Any CPU
		{49959442-8824-4132-893E-A62E1379F0BE}.Release|x64.ActiveCfg = Release|Any CPU
		{49959442-8824-4132-893E-A62E1379F0BE}.Release|x64.Build.0 = Release|Any CPU
		{49959442-8824-4132-893E-A62E1379F0BE}.Release|x86.ActiveCfg = Release|Any CPU
		{49959442-8824-4132-893E-A62E1379F0BE}.Release|x86.Build.0 = Release|Any CPU
		{B617B855-3546-4E75-9EFD-900758AF4ED6}.Debug|Any CPU.ActiveCfg = Debug|Any CPU
		{B617B855-3546-4E75-9EFD-900758AF4ED6}.Debug|Any CPU.Build.0 = Debug|Any CPU
		{B617B855-3546-4E75-9EFD-900758AF4ED6}.Debug|x64.ActiveCfg = Debug|Any CPU
		{B617B855-3546-4E75-9EFD-900758AF4ED6}.Debug|x64.Build.0 = Debug|Any CPU
		{B617B855-3546-4E75-9EFD-900758AF4ED6}.Debug|x86.ActiveCfg = Debug|Any CPU
		{B617B855-3546-4E75-9EFD-900758AF4ED6}.Debug|x86.Build.0 = Debug|Any CPU
		{B617B855-3546-4E75-9EFD-900758AF4ED6}.Release|Any CPU.ActiveCfg = Release|Any CPU
		{B617B855-3546-4E75-9EFD-900758AF4ED6}.Release|Any CPU.Build.0 = Release|Any CPU
		{B617B855-3546-4E75-9EFD-900758AF4ED6}.Release|x64.ActiveCfg = Release|Any CPU
		{B617B855-3546-4E75-9EFD-900758AF4ED6}.Release|x64.Build.0 = Release|Any CPU
		{B617B855-3546-4E75-9EFD-900758AF4ED6}.Release|x86.ActiveCfg = Release|Any CPU
		{B617B855-3546-4E75-9EFD-900758AF4ED6}.Release|x86.Build.0 = Release|Any CPU
		{6DE70B6B-91C5-48F7-8D67-D2A55220415D}.Debug|Any CPU.ActiveCfg = Debug|Any CPU
		{6DE70B6B-91C5-48F7-8D67-D2A55220415D}.Debug|Any CPU.Build.0 = Debug|Any CPU
		{6DE70B6B-91C5-48F7-8D67-D2A55220415D}.Debug|x64.ActiveCfg = Debug|Any CPU
		{6DE70B6B-91C5-48F7-8D67-D2A55220415D}.Debug|x64.Build.0 = Debug|Any CPU
		{6DE70B6B-91C5-48F7-8D67-D2A55220415D}.Debug|x86.ActiveCfg = Debug|Any CPU
		{6DE70B6B-91C5-48F7-8D67-D2A55220415D}.Debug|x86.Build.0 = Debug|Any CPU
		{6DE70B6B-91C5-48F7-8D67-D2A55220415D}.Release|Any CPU.ActiveCfg = Release|Any CPU
		{6DE70B6B-91C5-48F7-8D67-D2A55220415D}.Release|Any CPU.Build.0 = Release|Any CPU
		{6DE70B6B-91C5-48F7-8D67-D2A55220415D}.Release|x64.ActiveCfg = Release|Any CPU
		{6DE70B6B-91C5-48F7-8D67-D2A55220415D}.Release|x64.Build.0 = Release|Any CPU
		{6DE70B6B-91C5-48F7-8D67-D2A55220415D}.Release|x86.ActiveCfg = Release|Any CPU
		{6DE70B6B-91C5-48F7-8D67-D2A55220415D}.Release|x86.Build.0 = Release|Any CPU
	EndGlobalSection
	GlobalSection(SolutionProperties) = preSolution
		HideSolutionNode = FALSE
	EndGlobalSection
	GlobalSection(NestedProjects) = preSolution
		{581406E2-10FF-4568-94A1-AD3B340B34FB} = {EE9BC559-B842-48C4-8778-0BBBAF65E881}
		{2C0B4B7B-C265-48BF-88B2-68DD1B5EA96D} = {4DCECD7D-5B38-47C0-B083-39A75CB7D48B}
		{05D419ED-640D-4D75-83A1-54CC9ADA8E17} = {47FD99B8-1324-40EC-AC7D-723C63956F13}
		{E3E1339A-60BC-49C9-84CF-E23B069AF0D3} = {47FD99B8-1324-40EC-AC7D-723C63956F13}
		{49959442-8824-4132-893E-A62E1379F0BE} = {1C38C469-164A-4662-82D5-FD5E6A73EC99}
		{B617B855-3546-4E75-9EFD-900758AF4ED6} = {1C38C469-164A-4662-82D5-FD5E6A73EC99}
	EndGlobalSection
EndGlobal
